
Microsoft Visual Studio Solution File, Format Version 12.00
# Visual Studio Version 17
VisualStudioVersion = 17.0.31903.59
MinimumVisualStudioVersion = 10.0.40219.1
Project("{FAE04EC0-301F-11D3-BF4B-00C04F79EFBC}") = "GameModel", "GameModel\GameModel.csproj", "{851B59B6-302D-43A2-9040-7892057D0916}"
EndProject
Project("{FAE04EC0-301F-11D3-BF4B-00C04F79EFBC}") = "GameModel.Test", "GameModel.Test\GameModel.Test.csproj", "{113D8516-414D-4AA7-92E1-63F6B2812C22}"
EndProject
Project("{FAE04EC0-301F-11D3-BF4B-00C04F79EFBC}") = "MahjongReader", "MahjongReader\MahjongReader.csproj", "{D379048C-09AC-4AA0-9BC2-EEF909A8BB60}"
EndProject
Global
	GlobalSection(SolutionConfigurationPlatforms) = preSolution
		Debug|Any CPU = Debug|Any CPU
		Release|Any CPU = Release|Any CPU
	EndGlobalSection
	GlobalSection(SolutionProperties) = preSolution
		HideSolutionNode = FALSE
	EndGlobalSection
	GlobalSection(ProjectConfigurationPlatforms) = postSolution
		{851B59B6-302D-43A2-9040-7892057D0916}.Debug|Any CPU.ActiveCfg = Debug|Any CPU
		{851B59B6-302D-43A2-9040-7892057D0916}.Debug|Any CPU.Build.0 = Debug|Any CPU
		{851B59B6-302D-43A2-9040-7892057D0916}.Release|Any CPU.ActiveCfg = Release|Any CPU
		{851B59B6-302D-43A2-9040-7892057D0916}.Release|Any CPU.Build.0 = Release|Any CPU
		{113D8516-414D-4AA7-92E1-63F6B2812C22}.Debug|Any CPU.ActiveCfg = Debug|x64
		{113D8516-414D-4AA7-92E1-63F6B2812C22}.Debug|Any CPU.Build.0 = Debug|x64
		{113D8516-414D-4AA7-92E1-63F6B2812C22}.Release|Any CPU.ActiveCfg = Release|x64
		{113D8516-414D-4AA7-92E1-63F6B2812C22}.Release|Any CPU.Build.0 = Release|x64
		{D379048C-09AC-4AA0-9BC2-EEF909A8BB60}.Debug|Any CPU.ActiveCfg = Debug|x64
		{D379048C-09AC-4AA0-9BC2-EEF909A8BB60}.Debug|Any CPU.Build.0 = Debug|x64
		{D379048C-09AC-4AA0-9BC2-EEF909A8BB60}.Release|Any CPU.ActiveCfg = Release|x64
		{D379048C-09AC-4AA0-9BC2-EEF909A8BB60}.Release|Any CPU.Build.0 = Release|x64
	EndGlobalSection
EndGlobal
